
Microsoft Visual Studio Solution File, Format Version 12.00
# Visual Studio Version 17
VisualStudioVersion = 17.0.31903.59
MinimumVisualStudioVersion = 10.0.40219.1
Project("{FAE04EC0-301F-11D3-BF4B-00C04F79EFBC}") = "Bank.Domain", "Bank.Domain\Bank.Domain.csproj", "{F6AC27F8-577A-4F81-874F-6C95DB091267}"
EndProject
Project("{FAE04EC0-301F-11D3-BF4B-00C04F79EFBC}") = "Bank.Domain.Tests", "Bank.Domain.Tests\Bank.Domain.Tests.csproj", "{096FAB27-5067-48A1-B1D5-D8004188AD4A}"
EndProject
Global
	GlobalSection(SolutionConfigurationPlatforms) = preSolution
		Debug|Any CPU = Debug|Any CPU
		Release|Any CPU = Release|Any CPU
	EndGlobalSection
	GlobalSection(SolutionProperties) = preSolution
		HideSolutionNode = FALSE
	EndGlobalSection
	GlobalSection(ProjectConfigurationPlatforms) = postSolution
		{F6AC27F8-577A-4F81-874F-6C95DB091267}.Debug|Any CPU.ActiveCfg = Debug|Any CPU
		{F6AC27F8-577A-4F81-874F-6C95DB091267}.Debug|Any CPU.Build.0 = Debug|Any CPU
		{F6AC27F8-577A-4F81-874F-6C95DB091267}.Release|Any CPU.ActiveCfg = Release|Any CPU
		{F6AC27F8-577A-4F81-874F-6C95DB091267}.Release|Any CPU.Build.0 = Release|Any CPU
		{096FAB27-5067-48A1-B1D5-D8004188AD4A}.Debug|Any CPU.ActiveCfg = Debug|Any CPU
		{096FAB27-5067-48A1-B1D5-D8004188AD4A}.Debug|Any CPU.Build.0 = Debug|Any CPU
		{096FAB27-5067-48A1-B1D5-D8004188AD4A}.Release|Any CPU.ActiveCfg = Release|Any CPU
		{096FAB27-5067-48A1-B1D5-D8004188AD4A}.Release|Any CPU.Build.0 = Release|Any CPU
	EndGlobalSection
EndGlobal
